# THIS IS AN AUTOGENERATED FILE. DO NOT EDIT THIS FILE DIRECTLY.
# yarn lockfile v1


"@hapi/hoek@^9.0.0":
  version "9.3.0"
  resolved "https://registry.yarnpkg.com/@hapi/hoek/-/hoek-9.3.0.tgz#8368869dcb735be2e7f5cb7647de78e167a251fb"
  integrity sha512-/c6rf4UJlmHlC9b5BaNvzAcFv7HZ2QHaV0D4/HNlBdvFnvQq8RI4kYdhyPCl7Xj+oWvTWQ8ujhqS53LIgAe6KQ==

"@hapi/topo@^5.0.0":
  version "5.1.0"
  resolved "https://registry.yarnpkg.com/@hapi/topo/-/topo-5.1.0.tgz#dc448e332c6c6e37a4dc02fd84ba8d44b9afb012"
  integrity sha512-foQZKJig7Ob0BMAYBfcJk8d77QtOe7Wo4ox7ff1lQYoNNAb6jwcY1ncdoy2e9wQZzvNy7ODZCYJkK8kzmcAnAg==
  dependencies:
    "@hapi/hoek" "^9.0.0"

"@sideway/address@^4.1.3":
  version "4.1.4"
  resolved "https://registry.yarnpkg.com/@sideway/address/-/address-4.1.4.tgz#03dccebc6ea47fdc226f7d3d1ad512955d4783f0"
  integrity sha512-7vwq+rOHVWjyXxVlR76Agnvhy8I9rpzjosTESvmhNeXOXdZZB15Fl+TI9x1SiHZH5Jv2wTGduSxFDIaq0m3DUw==
  dependencies:
    "@hapi/hoek" "^9.0.0"

"@sideway/formula@^3.0.1":
  version "3.0.1"
  resolved "https://registry.yarnpkg.com/@sideway/formula/-/formula-3.0.1.tgz#80fcbcbaf7ce031e0ef2dd29b1bfc7c3f583611f"
  integrity sha512-/poHZJJVjx3L+zVD6g9KgHfYnb443oi7wLu/XKojDviHy6HOEOA6z1Trk5aR1dGcmPenJEgb2sK2I80LeS3MIg==

"@sideway/pinpoint@^2.0.0":
  version "2.0.0"
  resolved "https://registry.yarnpkg.com/@sideway/pinpoint/-/pinpoint-2.0.0.tgz#cff8ffadc372ad29fd3f78277aeb29e632cc70df"
  integrity sha512-RNiOoTPkptFtSVzQevY/yWtZwf/RxyVnPy/OcA9HBM3MlGDnBEYL5B41H0MTn0Uec8Hi+2qUtTfG2WWZBmMejQ==

"@types/aws-sdk2-types@*":
  version "0.0.0"
  resolved "https://registry.yarnpkg.com/@types/aws-sdk2-types/-/aws-sdk2-types-0.0.0.tgz#fa2444eb01e5b75f07708e40296f92fdba9bbf63"
  integrity sha512-GnEDlad7O4gu140g8Y0r5clvav/uoSOksxToXANj0UmqMfVcS2hIcJ6RryWvBrwXXPyyPa7xTW9otdiDSkH0DQ==
  dependencies:
    "@types/node" "*"

"@types/dynogels@^9.0.7":
  version "9.0.7"
  resolved "https://registry.yarnpkg.com/@types/dynogels/-/dynogels-9.0.7.tgz#b9628351ef05700983615638067f96244fa8f973"
  integrity sha512-5IUu/XFrti7x/pnFl0Q/9oaPCpb8QqGJiNaXbZG1+7/8CbmFVbqBk2cqZSnTBX4Sv1xCKSvX/D9A7hZGpXbaNA==
  dependencies:
    "@types/aws-sdk2-types" "*"
    "@types/node" "*"
    joi "^17.3.0"

"@types/hls-parser@^0.8.4":
  version "0.8.4"
  resolved "https://registry.yarnpkg.com/@types/hls-parser/-/hls-parser-0.8.4.tgz#dca9ae2b3c7afdfa162c4ddded1ca534eefde874"
  integrity sha512-9cqcoJi+PxqK5skhzL8yW0/dYqVj4EUo5RF9yzbd6ReDVi31mS8v07ehzYN/trgcStdDvoraeupD2Z9Maj5sEw==
  dependencies:
    "@types/node" "*"

"@types/node@*", "@types/node@^20.4.2":
  version "20.4.2"
  resolved "https://registry.yarnpkg.com/@types/node/-/node-20.4.2.tgz#129cc9ae69f93824f92fac653eebfb4812ab4af9"
  integrity sha512-Dd0BYtWgnWJKwO1jkmTrzofjK2QXXcai0dmtzvIBhcA+RsG5h8R3xlyta0kGOZRNfL9GuRtb1knmPEhQrePCEw==

"@types/video.js@^7.3.52":
  version "7.3.52"
  resolved "https://registry.yarnpkg.com/@types/video.js/-/video.js-7.3.52.tgz#0d5edd867e534ec97075505d14c111f57c044d53"
  integrity sha512-WFj/HkNVCfkchXDeDU0QbimC356FB5vva3g5mgsjk8n3UMKqP9S522rQAmu9LGPiCmShZRPuAlkXmbp5WId6ow==

joi@^17.3.0:
  version "17.9.2"
  resolved "https://registry.yarnpkg.com/joi/-/joi-17.9.2.tgz#8b2e4724188369f55451aebd1d0b1d9482470690"
  integrity sha512-Itk/r+V4Dx0V3c7RLFdRh12IOjySm2/WGPMubBT92cQvRfYZhPM2W0hZlctjj72iES8jsRCwp7S/cRmWBnJ4nw==
  dependencies:
    "@hapi/hoek" "^9.0.0"
    "@hapi/topo" "^5.0.0"
    "@sideway/address" "^4.1.3"
    "@sideway/formula" "^3.0.1"
    "@sideway/pinpoint" "^2.0.0"

typescript@^5.1.6:
  version "5.1.6"
  resolved "https://registry.yarnpkg.com/typescript/-/typescript-5.1.6.tgz#02f8ac202b6dad2c0dd5e0913745b47a37998274"
  integrity sha512-zaWCozRZ6DLEWAWFrVDz1H6FVXzUSfTy5FUMWsQlU8Ym5JP9eO4xkTIROFCQvhQf61z6O/G6ugw3SgAnvvm+HA==
